
Microsoft Visual Studio Solution File, Format Version 12.00
# Visual Studio Version 17
VisualStudioVersion = 17.2.32505.173
MinimumVisualStudioVersion = 10.0.40219.1
Project("{FAE04EC0-301F-11D3-BF4B-00C04F79EFBC}") = "Sport.Android", "Sport\Sport.Android\Sport.Android.csproj", "{56451C24-4038-42D3-AE55-8EFBF07BD865}"
EndProject
Project("{9A19103F-16F7-4668-BE54-9A1E7A4F7556}") = "Sport", "Sport\Sport\Sport.csproj", "{F24D421F-6445-464A-990C-F885FF75C4C4}"
EndProject
Global
	GlobalSection(SolutionConfigurationPlatforms) = preSolution
		Debug|Any CPU = Debug|Any CPU
		Debug|iPhone = Debug|iPhone
		Debug|iPhoneSimulator = Debug|iPhoneSimulator
		Release|Any CPU = Release|Any CPU
		Release|iPhone = Release|iPhone
		Release|iPhoneSimulator = Release|iPhoneSimulator
	EndGlobalSection
	GlobalSection(ProjectConfigurationPlatforms) = postSolution
		{56451C24-4038-42D3-AE55-8EFBF07BD865}.Debug|Any CPU.ActiveCfg = Debug|Any CPU
		{56451C24-4038-42D3-AE55-8EFBF07BD865}.Debug|Any CPU.Build.0 = Debug|Any CPU
		{56451C24-4038-42D3-AE55-8EFBF07BD865}.Debug|Any CPU.Deploy.0 = Debug|Any CPU
		{56451C24-4038-42D3-AE55-8EFBF07BD865}.Debug|iPhone.ActiveCfg = Debug|Any CPU
		{56451C24-4038-42D3-AE55-8EFBF07BD865}.Debug|iPhone.Build.0 = Debug|Any CPU
		{56451C24-4038-42D3-AE55-8EFBF07BD865}.Debug|iPhone.Deploy.0 = Debug|Any CPU
		{56451C24-4038-42D3-AE55-8EFBF07BD865}.Debug|iPhoneSimulator.ActiveCfg = Debug|Any CPU
		{56451C24-4038-42D3-AE55-8EFBF07BD865}.Debug|iPhoneSimulator.Build.0 = Debug|Any CPU
		{56451C24-4038-42D3-AE55-8EFBF07BD865}.Debug|iPhoneSimulator.Deploy.0 = Debug|Any CPU
		{56451C24-4038-42D3-AE55-8EFBF07BD865}.Release|Any CPU.ActiveCfg = Release|Any CPU
		{56451C24-4038-42D3-AE55-8EFBF07BD865}.Release|Any CPU.Build.0 = Release|Any CPU
		{56451C24-4038-42D3-AE55-8EFBF07BD865}.Release|Any CPU.Deploy.0 = Release|Any CPU
		{56451C24-4038-42D3-AE55-8EFBF07BD865}.Release|iPhone.ActiveCfg = Release|Any CPU
		{56451C24-4038-42D3-AE55-8EFBF07BD865}.Release|iPhone.Build.0 = Release|Any CPU
		{56451C24-4038-42D3-AE55-8EFBF07BD865}.Release|iPhone.Deploy.0 = Release|Any CPU
		{56451C24-4038-42D3-AE55-8EFBF07BD865}.Release|iPhoneSimulator.ActiveCfg = Release|Any CPU
		{56451C24-4038-42D3-AE55-8EFBF07BD865}.Release|iPhoneSimulator.Build.0 = Release|Any CPU
		{56451C24-4038-42D3-AE55-8EFBF07BD865}.Release|iPhoneSimulator.Deploy.0 = Release|Any CPU
		{F24D421F-6445-464A-990C-F885FF75C4C4}.Debug|Any CPU.ActiveCfg = Debug|Any CPU
		{F24D421F-6445-464A-990C-F885FF75C4C4}.Debug|Any CPU.Build.0 = Debug|Any CPU
		{F24D421F-6445-464A-990C-F885FF75C4C4}.Debug|Any CPU.Deploy.0 = Debug|Any CPU
		{F24D421F-6445-464A-990C-F885FF75C4C4}.Debug|iPhone.ActiveCfg = Debug|Any CPU
		{F24D421F-6445-464A-990C-F885FF75C4C4}.Debug|iPhone.Build.0 = Debug|Any CPU
		{F24D421F-6445-464A-990C-F885FF75C4C4}.Debug|iPhone.Deploy.0 = Debug|Any CPU
		{F24D421F-6445-464A-990C-F885FF75C4C4}.Debug|iPhoneSimulator.ActiveCfg = Debug|Any CPU
		{F24D421F-6445-464A-990C-F885FF75C4C4}.Debug|iPhoneSimulator.Build.0 = Debug|Any CPU
		{F24D421F-6445-464A-990C-F885FF75C4C4}.Debug|iPhoneSimulator.Deploy.0 = Debug|Any CPU
		{F24D421F-6445-464A-990C-F885FF75C4C4}.Release|Any CPU.ActiveCfg = Release|Any CPU
		{F24D421F-6445-464A-990C-F885FF75C4C4}.Release|Any CPU.Build.0 = Release|Any CPU
		{F24D421F-6445-464A-990C-F885FF75C4C4}.Release|Any CPU.Deploy.0 = Release|Any CPU
		{F24D421F-6445-464A-990C-F885FF75C4C4}.Release|iPhone.ActiveCfg = Release|Any CPU
		{F24D421F-6445-464A-990C-F885FF75C4C4}.Release|iPhone.Build.0 = Release|Any CPU
		{F24D421F-6445-464A-990C-F885FF75C4C4}.Release|iPhone.Deploy.0 = Release|Any CPU
		{F24D421F-6445-464A-990C-F885FF75C4C4}.Release|iPhoneSimulator.ActiveCfg = Release|Any CPU
		{F24D421F-6445-464A-990C-F885FF75C4C4}.Release|iPhoneSimulator.Build.0 = Release|Any CPU
		{F24D421F-6445-464A-990C-F885FF75C4C4}.Release|iPhoneSimulator.Deploy.0 = Release|Any CPU
	EndGlobalSection
	GlobalSection(SolutionProperties) = preSolution
		HideSolutionNode = FALSE
	EndGlobalSection
	GlobalSection(ExtensibilityGlobals) = postSolution
		SolutionGuid = {9AE48282-1562-4842-9175-38871B3733D3}
	EndGlobalSection
EndGlobal
